// !$*UTF8*$!
{
	archiveVersion = 1;
	classes = {
	};
	objectVersion = 55;
	objects = {

/* Begin PBXBuildFile section */
		11696B8F28C0AEDE00E02249 /* AppDelegate.swift in Sources */ = {isa = PBXBuildFile; fileRef = 11696B8E28C0AEDE00E02249 /* AppDelegate.swift */; };
		11696B9128C0AEDE00E02249 /* SceneDelegate.swift in Sources */ = {isa = PBXBuildFile; fileRef = 11696B9028C0AEDE00E02249 /* SceneDelegate.swift */; };
		11696B9328C0AEDE00E02249 /* ViewController.swift in Sources */ = {isa = PBXBuildFile; fileRef = 11696B9228C0AEDE00E02249 /* ViewController.swift */; };
		11696B9628C0AEDE00E02249 /* Main.storyboard in Resources */ = {isa = PBXBuildFile; fileRef = 11696B9428C0AEDE00E02249 /* Main.storyboard */; };
		11696B9828C0AEDF00E02249 /* Assets.xcassets in Resources */ = {isa = PBXBuildFile; fileRef = 11696B9728C0AEDF00E02249 /* Assets.xcassets */; };
		11696B9B28C0AEDF00E02249 /* LaunchScreen.storyboard in Resources */ = {isa = PBXBuildFile; fileRef = 11696B9928C0AEDF00E02249 /* LaunchScreen.storyboard */; };
		11696BA328C0B06C00E02249 /* ImageViewController.swift in Sources */ = {isa = PBXBuildFile; fileRef = 11696BA228C0B06C00E02249 /* ImageViewController.swift */; };
		11696BA628C0B09400E02249 /* ARViewController.swift in Sources */ = {isa = PBXBuildFile; fileRef = 11696BA528C0B09400E02249 /* ARViewController.swift */; };
		11696BAA28C0B14000E02249 /* Constants.swift in Sources */ = {isa = PBXBuildFile; fileRef = 11696BA928C0B14000E02249 /* Constants.swift */; };
		11696BB428C0B1E100E02249 /* MyStyleTransferManet.mlmodel in Sources */ = {isa = PBXBuildFile; fileRef = 11696BAC28C0B1E000E02249 /* MyStyleTransferManet.mlmodel */; };
		11696BB528C0B1E100E02249 /* MyStyleTransferPissarro.mlmodel in Sources */ = {isa = PBXBuildFile; fileRef = 11696BAD28C0B1E000E02249 /* MyStyleTransferPissarro.mlmodel */; };
		11696BB728C0B1E100E02249 /* MyStyleTransferMorisot.mlmodel in Sources */ = {isa = PBXBuildFile; fileRef = 11696BAF28C0B1E000E02249 /* MyStyleTransferMorisot.mlmodel */; };
		11696BB828C0B1E100E02249 /* MyStyleTransferRenoir.mlmodel in Sources */ = {isa = PBXBuildFile; fileRef = 11696BB028C0B1E000E02249 /* MyStyleTransferRenoir.mlmodel */; };
		11696BB928C0B1E100E02249 /* MyStyleTransferSisley.mlmodel in Sources */ = {isa = PBXBuildFile; fileRef = 11696BB128C0B1E100E02249 /* MyStyleTransferSisley.mlmodel */; };
		11696BBA28C0B1E100E02249 /* MyStyleTransferDegas.mlmodel in Sources */ = {isa = PBXBuildFile; fileRef = 11696BB228C0B1E100E02249 /* MyStyleTransferDegas.mlmodel */; };
		11696BBB28C0B1E100E02249 /* MyStyleTransferMonet.mlmodel in Sources */ = {isa = PBXBuildFile; fileRef = 11696BB328C0B1E100E02249 /* MyStyleTransferMonet.mlmodel */; };
		11696BBD28C0B1FD00E02249 /* MyStyleTransferCassatt.mlmodel in Sources */ = {isa = PBXBuildFile; fileRef = 11696BBC28C0B1FD00E02249 /* MyStyleTransferCassatt.mlmodel */; };
		1180721E28C0E838009B4382 /* StylesViewController.swift in Sources */ = {isa = PBXBuildFile; fileRef = 1180721D28C0E838009B4382 /* StylesViewController.swift */; };
/* End PBXBuildFile section */

/* Begin PBXFileReference section */
		11696B8B28C0AEDE00E02249 /* NC2_MyLittleGallery.app */ = {isa = PBXFileReference; explicitFileType = wrapper.application; includeInIndex = 0; path = NC2_MyLittleGallery.app; sourceTree = BUILT_PRODUCTS_DIR; };
		11696B8E28C0AEDE00E02249 /* AppDelegate.swift */ = {isa = PBXFileReference; lastKnownFileType = sourcecode.swift; path = AppDelegate.swift; sourceTree = "<group>"; };
		11696B9028C0AEDE00E02249 /* SceneDelegate.swift */ = {isa = PBXFileReference; lastKnownFileType = sourcecode.swift; path = SceneDelegate.swift; sourceTree = "<group>"; };
		11696B9228C0AEDE00E02249 /* ViewController.swift */ = {isa = PBXFileReference; lastKnownFileType = sourcecode.swift; path = ViewController.swift; sourceTree = "<group>"; };
		11696B9528C0AEDE00E02249 /* Base */ = {isa = PBXFileReference; lastKnownFileType = file.storyboard; name = Base; path = Base.lproj/Main.storyboard; sourceTree = "<group>"; };
		11696B9728C0AEDF00E02249 /* Assets.xcassets */ = {isa = PBXFileReference; lastKnownFileType = folder.assetcatalog; path = Assets.xcassets; sourceTree = "<group>"; };
		11696B9A28C0AEDF00E02249 /* Base */ = {isa = PBXFileReference; lastKnownFileType = file.storyboard; name = Base; path = Base.lproj/LaunchScreen.storyboard; sourceTree = "<group>"; };
		11696B9C28C0AEDF00E02249 /* Info.plist */ = {isa = PBXFileReference; lastKnownFileType = text.plist.xml; path = Info.plist; sourceTree = "<group>"; };
		11696BA228C0B06C00E02249 /* ImageViewController.swift */ = {isa = PBXFileReference; lastKnownFileType = sourcecode.swift; path = ImageViewController.swift; sourceTree = "<group>"; };
		11696BA528C0B09400E02249 /* ARViewController.swift */ = {isa = PBXFileReference; lastKnownFileType = sourcecode.swift; path = ARViewController.swift; sourceTree = "<group>"; };
		11696BA928C0B14000E02249 /* Constants.swift */ = {isa = PBXFileReference; lastKnownFileType = sourcecode.swift; path = Constants.swift; sourceTree = "<group>"; };
		11696BAC28C0B1E000E02249 /* MyStyleTransferManet.mlmodel */ = {isa = PBXFileReference; lastKnownFileType = file.mlmodel; path = MyStyleTransferManet.mlmodel; sourceTree = "<group>"; };
		11696BAD28C0B1E000E02249 /* MyStyleTransferPissarro.mlmodel */ = {isa = PBXFileReference; lastKnownFileType = file.mlmodel; path = MyStyleTransferPissarro.mlmodel; sourceTree = "<group>"; };
		11696BAF28C0B1E000E02249 /* MyStyleTransferMorisot.mlmodel */ = {isa = PBXFileReference; lastKnownFileType = file.mlmodel; path = MyStyleTransferMorisot.mlmodel; sourceTree = "<group>"; };
		11696BB028C0B1E000E02249 /* MyStyleTransferRenoir.mlmodel */ = {isa = PBXFileReference; lastKnownFileType = file.mlmodel; path = MyStyleTransferRenoir.mlmodel; sourceTree = "<group>"; };
		11696BB128C0B1E100E02249 /* MyStyleTransferSisley.mlmodel */ = {isa = PBXFileReference; lastKnownFileType = file.mlmodel; path = MyStyleTransferSisley.mlmodel; sourceTree = "<group>"; };
		11696BB228C0B1E100E02249 /* MyStyleTransferDegas.mlmodel */ = {isa = PBXFileReference; lastKnownFileType = file.mlmodel; path = MyStyleTransferDegas.mlmodel; sourceTree = "<group>"; };
		11696BB328C0B1E100E02249 /* MyStyleTransferMonet.mlmodel */ = {isa = PBXFileReference; lastKnownFileType = file.mlmodel; path = MyStyleTransferMonet.mlmodel; sourceTree = "<group>"; };
		11696BBC28C0B1FD00E02249 /* MyStyleTransferCassatt.mlmodel */ = {isa = PBXFileReference; lastKnownFileType = file.mlmodel; path = MyStyleTransferCassatt.mlmodel; sourceTree = "<group>"; };
		1180721D28C0E838009B4382 /* StylesViewController.swift */ = {isa = PBXFileReference; lastKnownFileType = sourcecode.swift; path = StylesViewController.swift; sourceTree = "<group>"; };
/* End PBXFileReference section */

/* Begin PBXFrameworksBuildPhase section */
		11696B8828C0AEDE00E02249 /* Frameworks */ = {
			isa = PBXFrameworksBuildPhase;
			buildActionMask = 2147483647;
			files = (
			);
			runOnlyForDeploymentPostprocessing = 0;
		};
/* End PBXFrameworksBuildPhase section */

/* Begin PBXGroup section */
		11696B8228C0AEDE00E02249 = {
			isa = PBXGroup;
			children = (
				11696B8D28C0AEDE00E02249 /* NC2_MyLittleGallery */,
				11696B8C28C0AEDE00E02249 /* Products */,
			);
			sourceTree = "<group>";
		};
		11696B8C28C0AEDE00E02249 /* Products */ = {
			isa = PBXGroup;
			children = (
				11696B8B28C0AEDE00E02249 /* NC2_MyLittleGallery.app */,
			);
			name = Products;
			sourceTree = "<group>";
		};
		11696B8D28C0AEDE00E02249 /* NC2_MyLittleGallery */ = {
			isa = PBXGroup;
			children = (
				11696B8E28C0AEDE00E02249 /* AppDelegate.swift */,
				11696B9028C0AEDE00E02249 /* SceneDelegate.swift */,
				11696BA828C0B12300E02249 /* Model */,
				11696BA728C0B11100E02249 /* View */,
				11696BA428C0B07400E02249 /* Controllers */,
				11696BAB28C0B1C800E02249 /* MLModels */,
				11696B9728C0AEDF00E02249 /* Assets.xcassets */,
				11696B9C28C0AEDF00E02249 /* Info.plist */,
			);
			path = NC2_MyLittleGallery;
			sourceTree = "<group>";
		};
		11696BA428C0B07400E02249 /* Controllers */ = {
			isa = PBXGroup;
			children = (
				11696B9228C0AEDE00E02249 /* ViewController.swift */,
				1180721D28C0E838009B4382 /* StylesViewController.swift */,
				11696BA228C0B06C00E02249 /* ImageViewController.swift */,
				11696BA528C0B09400E02249 /* ARViewController.swift */,
			);
			path = Controllers;
			sourceTree = "<group>";
		};
		11696BA728C0B11100E02249 /* View */ = {
			isa = PBXGroup;
			children = (
				11696B9428C0AEDE00E02249 /* Main.storyboard */,
				11696B9928C0AEDF00E02249 /* LaunchScreen.storyboard */,
			);
			path = View;
			sourceTree = "<group>";
		};
		11696BA828C0B12300E02249 /* Model */ = {
			isa = PBXGroup;
			children = (
				11696BA928C0B14000E02249 /* Constants.swift */,
			);
			path = Model;
			sourceTree = "<group>";
		};
		11696BAB28C0B1C800E02249 /* MLModels */ = {
			isa = PBXGroup;
			children = (
				11696BBC28C0B1FD00E02249 /* MyStyleTransferCassatt.mlmodel */,
				11696BB228C0B1E100E02249 /* MyStyleTransferDegas.mlmodel */,
				11696BAC28C0B1E000E02249 /* MyStyleTransferManet.mlmodel */,
				11696BB328C0B1E100E02249 /* MyStyleTransferMonet.mlmodel */,
				11696BAF28C0B1E000E02249 /* MyStyleTransferMorisot.mlmodel */,
				11696BAD28C0B1E000E02249 /* MyStyleTransferPissarro.mlmodel */,
				11696BB028C0B1E000E02249 /* MyStyleTransferRenoir.mlmodel */,
				11696BB128C0B1E100E02249 /* MyStyleTransferSisley.mlmodel */,
			);
			path = MLModels;
			sourceTree = "<group>";
		};
/* End PBXGroup section */

/* Begin PBXNativeTarget section */
		11696B8A28C0AEDE00E02249 /* NC2_MyLittleGallery */ = {
			isa = PBXNativeTarget;
			buildConfigurationList = 11696B9F28C0AEDF00E02249 /* Build configuration list for PBXNativeTarget "NC2_MyLittleGallery" */;
			buildPhases = (
				11696B8728C0AEDE00E02249 /* Sources */,
				11696B8828C0AEDE00E02249 /* Frameworks */,
				11696B8928C0AEDE00E02249 /* Resources */,
			);
			buildRules = (
			);
			dependencies = (
			);
			name = NC2_MyLittleGallery;
			productName = NC2_MyLittleGallery;
			productReference = 11696B8B28C0AEDE00E02249 /* NC2_MyLittleGallery.app */;
			productType = "com.apple.product-type.application";
		};
/* End PBXNativeTarget section */

/* Begin PBXProject section */
		11696B8328C0AEDE00E02249 /* Project object */ = {
			isa = PBXProject;
			attributes = {
				BuildIndependentTargetsInParallel = 1;
				LastSwiftUpdateCheck = 1340;
				LastUpgradeCheck = 1340;
				TargetAttributes = {
					11696B8A28C0AEDE00E02249 = {
						CreatedOnToolsVersion = 13.4.1;
					};
				};
			};
			buildConfigurationList = 11696B8628C0AEDE00E02249 /* Build configuration list for PBXProject "NC2_MyLittleGallery" */;
			compatibilityVersion = "Xcode 13.0";
			developmentRegion = en;
			hasScannedForEncodings = 0;
			knownRegions = (
				en,
				Base,
			);
			mainGroup = 11696B8228C0AEDE00E02249;
			productRefGroup = 11696B8C28C0AEDE00E02249 /* Products */;
			projectDirPath = "";
			projectRoot = "";
			targets = (
				11696B8A28C0AEDE00E02249 /* NC2_MyLittleGallery */,
			);
		};
/* End PBXProject section */

/* Begin PBXResourcesBuildPhase section */
		11696B8928C0AEDE00E02249 /* Resources */ = {
			isa = PBXResourcesBuildPhase;
			buildActionMask = 2147483647;
			files = (
				11696B9B28C0AEDF00E02249 /* LaunchScreen.storyboard in Resources */,
				11696B9828C0AEDF00E02249 /* Assets.xcassets in Resources */,
				11696B9628C0AEDE00E02249 /* Main.storyboard in Resources */,
			);
			runOnlyForDeploymentPostprocessing = 0;
		};
/* End PBXResourcesBuildPhase section */

/* Begin PBXSourcesBuildPhase section */
		11696B8728C0AEDE00E02249 /* Sources */ = {
			isa = PBXSourcesBuildPhase;
			buildActionMask = 2147483647;
			files = (
				11696B9328C0AEDE00E02249 /* ViewController.swift in Sources */,
				11696BBA28C0B1E100E02249 /* MyStyleTransferDegas.mlmodel in Sources */,
				11696B8F28C0AEDE00E02249 /* AppDelegate.swift in Sources */,
				11696BB428C0B1E100E02249 /* MyStyleTransferManet.mlmodel in Sources */,
				11696BB728C0B1E100E02249 /* MyStyleTransferMorisot.mlmodel in Sources */,
				11696BB828C0B1E100E02249 /* MyStyleTransferRenoir.mlmodel in Sources */,
				11696BB528C0B1E100E02249 /* MyStyleTransferPissarro.mlmodel in Sources */,
				11696BBB28C0B1E100E02249 /* MyStyleTransferMonet.mlmodel in Sources */,
				1180721E28C0E838009B4382 /* StylesViewController.swift in Sources */,
				11696BB928C0B1E100E02249 /* MyStyleTransferSisley.mlmodel in Sources */,
				11696BBD28C0B1FD00E02249 /* MyStyleTransferCassatt.mlmodel in Sources */,
				11696BA328C0B06C00E02249 /* ImageViewController.swift in Sources */,
				11696B9128C0AEDE00E02249 /* SceneDelegate.swift in Sources */,
				11696BA628C0B09400E02249 /* ARViewController.swift in Sources */,
				11696BAA28C0B14000E02249 /* Constants.swift in Sources */,
			);
			runOnlyForDeploymentPostprocessing = 0;
		};
/* End PBXSourcesBuildPhase section */

/* Begin PBXVariantGroup section */
		11696B9428C0AEDE00E02249 /* Main.storyboard */ = {
			isa = PBXVariantGroup;
			children = (
				11696B9528C0AEDE00E02249 /* Base */,
			);
			name = Main.storyboard;
			sourceTree = "<group>";
		};
		11696B9928C0AEDF00E02249 /* LaunchScreen.storyboard */ = {
			isa = PBXVariantGroup;
			children = (
				11696B9A28C0AEDF00E02249 /* Base */,
			);
			name = LaunchScreen.storyboard;
			sourceTree = "<group>";
		};
/* End PBXVariantGroup section */

/* Begin XCBuildConfiguration section */
		11696B9D28C0AEDF00E02249 /* Debug */ = {
			isa = XCBuildConfiguration;
			buildSettings = {
				ALWAYS_SEARCH_USER_PATHS = NO;
				CLANG_ANALYZER_NONNULL = YES;
				CLANG_ANALYZER_NUMBER_OBJECT_CONVERSION = YES_AGGRESSIVE;
				CLANG_CXX_LANGUAGE_STANDARD = "gnu++17";
				CLANG_ENABLE_MODULES = YES;
				CLANG_ENABLE_OBJC_ARC = YES;
				CLANG_ENABLE_OBJC_WEAK = YES;
				CLANG_WARN_BLOCK_CAPTURE_AUTORELEASING = YES;
				CLANG_WARN_BOOL_CONVERSION = YES;
				CLANG_WARN_COMMA = YES;
				CLANG_WARN_CONSTANT_CONVERSION = YES;
				CLANG_WARN_DEPRECATED_OBJC_IMPLEMENTATIONS = YES;
				CLANG_WARN_DIRECT_OBJC_ISA_USAGE = YES_ERROR;
				CLANG_WARN_DOCUMENTATION_COMMENTS = YES;
				CLANG_WARN_EMPTY_BODY = YES;
				CLANG_WARN_ENUM_CONVERSION = YES;
				CLANG_WARN_INFINITE_RECURSION = YES;
				CLANG_WARN_INT_CONVERSION = YES;
				CLANG_WARN_NON_LITERAL_NULL_CONVERSION = YES;
				CLANG_WARN_OBJC_IMPLICIT_RETAIN_SELF = YES;
				CLANG_WARN_OBJC_LITERAL_CONVERSION = YES;
				CLANG_WARN_OBJC_ROOT_CLASS = YES_ERROR;
				CLANG_WARN_QUOTED_INCLUDE_IN_FRAMEWORK_HEADER = YES;
				CLANG_WARN_RANGE_LOOP_ANALYSIS = YES;
				CLANG_WARN_STRICT_PROTOTYPES = YES;
				CLANG_WARN_SUSPICIOUS_MOVE = YES;
				CLANG_WARN_UNGUARDED_AVAILABILITY = YES_AGGRESSIVE;
				CLANG_WARN_UNREACHABLE_CODE = YES;
				CLANG_WARN__DUPLICATE_METHOD_MATCH = YES;
				COPY_PHASE_STRIP = NO;
				DEBUG_INFORMATION_FORMAT = dwarf;
				ENABLE_STRICT_OBJC_MSGSEND = YES;
				ENABLE_TESTABILITY = YES;
				GCC_C_LANGUAGE_STANDARD = gnu11;
				GCC_DYNAMIC_NO_PIC = NO;
				GCC_NO_COMMON_BLOCKS = YES;
				GCC_OPTIMIZATION_LEVEL = 0;
				GCC_PREPROCESSOR_DEFINITIONS = (
					"DEBUG=1",
					"$(inherited)",
				);
				GCC_WARN_64_TO_32_BIT_CONVERSION = YES;
				GCC_WARN_ABOUT_RETURN_TYPE = YES_ERROR;
				GCC_WARN_UNDECLARED_SELECTOR = YES;
				GCC_WARN_UNINITIALIZED_AUTOS = YES_AGGRESSIVE;
				GCC_WARN_UNUSED_FUNCTION = YES;
				GCC_WARN_UNUSED_VARIABLE = YES;
				IPHONEOS_DEPLOYMENT_TARGET = 15.5;
				MTL_ENABLE_DEBUG_INFO = INCLUDE_SOURCE;
				MTL_FAST_MATH = YES;
				ONLY_ACTIVE_ARCH = YES;
				SDKROOT = iphoneos;
				SWIFT_ACTIVE_COMPILATION_CONDITIONS = DEBUG;
				SWIFT_OPTIMIZATION_LEVEL = "-Onone";
			};
			name = Debug;
		};
		11696B9E28C0AEDF00E02249 /* Release */ = {
			isa = XCBuildConfiguration;
			buildSettings = {
				ALWAYS_SEARCH_USER_PATHS = NO;
				CLANG_ANALYZER_NONNULL = YES;
				CLANG_ANALYZER_NUMBER_OBJECT_CONVERSION = YES_AGGRESSIVE;
				CLANG_CXX_LANGUAGE_STANDARD = "gnu++17";
				CLANG_ENABLE_MODULES = YES;
				CLANG_ENABLE_OBJC_ARC = YES;
				CLANG_ENABLE_OBJC_WEAK = YES;
				CLANG_WARN_BLOCK_CAPTURE_AUTORELEASING = YES;
				CLANG_WARN_BOOL_CONVERSION = YES;
				CLANG_WARN_COMMA = YES;
				CLANG_WARN_CONSTANT_CONVERSION = YES;
				CLANG_WARN_DEPRECATED_OBJC_IMPLEMENTATIONS = YES;
				CLANG_WARN_DIRECT_OBJC_ISA_USAGE = YES_ERROR;
				CLANG_WARN_DOCUMENTATION_COMMENTS = YES;
				CLANG_WARN_EMPTY_BODY = YES;
				CLANG_WARN_ENUM_CONVERSION = YES;
				CLANG_WARN_INFINITE_RECURSION = YES;
				CLANG_WARN_INT_CONVERSION = YES;
				CLANG_WARN_NON_LITERAL_NULL_CONVERSION = YES;
				CLANG_WARN_OBJC_IMPLICIT_RETAIN_SELF = YES;
				CLANG_WARN_OBJC_LITERAL_CONVERSION = YES;
				CLANG_WARN_OBJC_ROOT_CLASS = YES_ERROR;
				CLANG_WARN_QUOTED_INCLUDE_IN_FRAMEWORK_HEADER = YES;
				CLANG_WARN_RANGE_LOOP_ANALYSIS = YES;
				CLANG_WARN_STRICT_PROTOTYPES = YES;
				CLANG_WARN_SUSPICIOUS_MOVE = YES;
				CLANG_WARN_UNGUARDED_AVAILABILITY = YES_AGGRESSIVE;
				CLANG_WARN_UNREACHABLE_CODE = YES;
				CLANG_WARN__DUPLICATE_METHOD_MATCH = YES;
				COPY_PHASE_STRIP = NO;
				DEBUG_INFORMATION_FORMAT = "dwarf-with-dsym";
				ENABLE_NS_ASSERTIONS = NO;
				ENABLE_STRICT_OBJC_MSGSEND = YES;
				GCC_C_LANGUAGE_STANDARD = gnu11;
				GCC_NO_COMMON_BLOCKS = YES;
				GCC_WARN_64_TO_32_BIT_CONVERSION = YES;
				GCC_WARN_ABOUT_RETURN_TYPE = YES_ERROR;
				GCC_WARN_UNDECLARED_SELECTOR = YES;
				GCC_WARN_UNINITIALIZED_AUTOS = YES_AGGRESSIVE;
				GCC_WARN_UNUSED_FUNCTION = YES;
				GCC_WARN_UNUSED_VARIABLE = YES;
				IPHONEOS_DEPLOYMENT_TARGET = 15.5;
				MTL_ENABLE_DEBUG_INFO = NO;
				MTL_FAST_MATH = YES;
				SDKROOT = iphoneos;
				SWIFT_COMPILATION_MODE = wholemodule;
				SWIFT_OPTIMIZATION_LEVEL = "-O";
				VALIDATE_PRODUCT = YES;
			};
			name = Release;
		};
		11696BA028C0AEDF00E02249 /* Debug */ = {
			isa = XCBuildConfiguration;
			buildSettings = {
				ASSETCATALOG_COMPILER_APPICON_NAME = AppIcon;
				ASSETCATALOG_COMPILER_GLOBAL_ACCENT_COLOR_NAME = AccentColor;
				CODE_SIGN_STYLE = Automatic;
				CURRENT_PROJECT_VERSION = 1;
				DEVELOPMENT_TEAM = V89P9384J3;
				GENERATE_INFOPLIST_FILE = YES;
				INFOPLIST_FILE = NC2_MyLittleGallery/Info.plist;
				INFOPLIST_KEY_UIApplicationSupportsIndirectInputEvents = YES;
				INFOPLIST_KEY_UILaunchStoryboardName = LaunchScreen;
				INFOPLIST_KEY_UIMainStoryboardFile = Main;
				INFOPLIST_KEY_UISupportedInterfaceOrientations_iPad = "UIInterfaceOrientationPortrait UIInterfaceOrientationPortraitUpsideDown UIInterfaceOrientationLandscapeLeft UIInterfaceOrientationLandscapeRight";
				INFOPLIST_KEY_UISupportedInterfaceOrientations_iPhone = "UIInterfaceOrientationPortrait UIInterfaceOrientationLandscapeLeft UIInterfaceOrientationLandscapeRight";
				LD_RUNPATH_SEARCH_PATHS = (
					"$(inherited)",
					"@executable_path/Frameworks",
				);
				MARKETING_VERSION = 1.0;
				PRODUCT_BUNDLE_IDENTIFIER = "developer.sophie.NC2-MyLittleGallery";
				PRODUCT_NAME = "$(TARGET_NAME)";
				SWIFT_EMIT_LOC_STRINGS = YES;
				SWIFT_VERSION = 5.0;
				TARGETED_DEVICE_FAMILY = "1,2";
			};
			name = Debug;
		};
		11696BA128C0AEDF00E02249 /* Release */ = {
			isa = XCBuildConfiguration;
			buildSettings = {
				ASSETCATALOG_COMPILER_APPICON_NAME = AppIcon;
				ASSETCATALOG_COMPILER_GLOBAL_ACCENT_COLOR_NAME = AccentColor;
				CODE_SIGN_STYLE = Automatic;
				CURRENT_PROJECT_VERSION = 1;
				DEVELOPMENT_TEAM = V89P9384J3;
				GENERATE_INFOPLIST_FILE = YES;
				INFOPLIST_FILE = NC2_MyLittleGallery/Info.plist;
				INFOPLIST_KEY_UIApplicationSupportsIndirectInputEvents = YES;
				INFOPLIST_KEY_UILaunchStoryboardName = LaunchScreen;
				INFOPLIST_KEY_UIMainStoryboardFile = Main;
				INFOPLIST_KEY_UISupportedInterfaceOrientations_iPad = "UIInterfaceOrientationPortrait UIInterfaceOrientationPortraitUpsideDown UIInterfaceOrientationLandscapeLeft UIInterfaceOrientationLandscapeRight";
				INFOPLIST_KEY_UISupportedInterfaceOrientations_iPhone = "UIInterfaceOrientationPortrait UIInterfaceOrientationLandscapeLeft UIInterfaceOrientationLandscapeRight";
				LD_RUNPATH_SEARCH_PATHS = (
					"$(inherited)",
					"@executable_path/Frameworks",
				);
				MARKETING_VERSION = 1.0;
				PRODUCT_BUNDLE_IDENTIFIER = "developer.sophie.NC2-MyLittleGallery";
				PRODUCT_NAME = "$(TARGET_NAME)";
				SWIFT_EMIT_LOC_STRINGS = YES;
				SWIFT_VERSION = 5.0;
				TARGETED_DEVICE_FAMILY = "1,2";
			};
			name = Release;
		};
/* End XCBuildConfiguration section */

/* Begin XCConfigurationList section */
		11696B8628C0AEDE00E02249 /* Build configuration list for PBXProject "NC2_MyLittleGallery" */ = {
			isa = XCConfigurationList;
			buildConfigurations = (
				11696B9D28C0AEDF00E02249 /* Debug */,
				11696B9E28C0AEDF00E02249 /* Release */,
			);
			defaultConfigurationIsVisible = 0;
			defaultConfigurationName = Release;
		};
		11696B9F28C0AEDF00E02249 /* Build configuration list for PBXNativeTarget "NC2_MyLittleGallery" */ = {
			isa = XCConfigurationList;
			buildConfigurations = (
				11696BA028C0AEDF00E02249 /* Debug */,
				11696BA128C0AEDF00E02249 /* Release */,
			);
			defaultConfigurationIsVisible = 0;
			defaultConfigurationName = Release;
		};
/* End XCConfigurationList section */
	};
	rootObject = 11696B8328C0AEDE00E02249 /* Project object */;
}
